{
  "name": "@izestylusx/revenue-coach",
  "version": "0.1.0",
  "lockfileVersion": 3,
  "requires": true,
  "packages": {
    "": {
      "name": "@izestylusx/revenue-coach",
      "version": "0.1.0",
      "license": "MIT",
      "bin": {
        "revenue-coach": "bin/revenue-coach.mjs"
      },
      "engines": {
        "node": ">=18"
      }
    }
  }
}
